
Microsoft Visual Studio Solution File, Format Version 12.00
# Visual Studio 15
VisualStudioVersion = 15.0.28010.2046
MinimumVisualStudioVersion = 10.0.40219.1
Project("{FAE04EC0-301F-11D3-BF4B-00C04F79EFBC}") = "Examen4-Pt.1", "Examen4-Pt.1\Examen4-Pt.1.csproj", "{8849AA80-04FF-4E0B-99B1-4A070A5D329D}"
EndProject
Global
	GlobalSection(SolutionConfigurationPlatforms) = preSolution
		Debug|Any CPU = Debug|Any CPU
		Release|Any CPU = Release|Any CPU
	EndGlobalSection
	GlobalSection(ProjectConfigurationPlatforms) = postSolution
		{8849AA80-04FF-4E0B-99B1-4A070A5D329D}.Debug|Any CPU.ActiveCfg = Debug|Any CPU
		{8849AA80-04FF-4E0B-99B1-4A070A5D329D}.Debug|Any CPU.Build.0 = Debug|Any CPU
		{8849AA80-04FF-4E0B-99B1-4A070A5D329D}.Release|Any CPU.ActiveCfg = Release|Any CPU
		{8849AA80-04FF-4E0B-99B1-4A070A5D329D}.Release|Any CPU.Build.0 = Release|Any CPU
	EndGlobalSection
	GlobalSection(SolutionProperties) = preSolution
		HideSolutionNode = FALSE
	EndGlobalSection
	GlobalSection(ExtensibilityGlobals) = postSolution
		SolutionGuid = {F5455833-D0AD-48D2-A0B3-A1ED05BC6896}
	EndGlobalSection
EndGlobal
